
Microsoft Visual Studio Solution File, Format Version 12.00
# Visual Studio Version 16
VisualStudioVersion = 16.0.31911.196
MinimumVisualStudioVersion = 10.0.40219.1
Project("{FAE04EC0-301F-11D3-BF4B-00C04F79EFBC}") = "oneOthree", "oneOthree\oneOthree.csproj", "{D7EA855A-A67B-49D5-BE67-5EF61C79BA27}"
EndProject
Global
	GlobalSection(SolutionConfigurationPlatforms) = preSolution
		Debug|Any CPU = Debug|Any CPU
		Release|Any CPU = Release|Any CPU
	EndGlobalSection
	GlobalSection(ProjectConfigurationPlatforms) = postSolution
		{D7EA855A-A67B-49D5-BE67-5EF61C79BA27}.Debug|Any CPU.ActiveCfg = Debug|Any CPU
		{D7EA855A-A67B-49D5-BE67-5EF61C79BA27}.Debug|Any CPU.Build.0 = Debug|Any CPU
		{D7EA855A-A67B-49D5-BE67-5EF61C79BA27}.Release|Any CPU.ActiveCfg = Release|Any CPU
		{D7EA855A-A67B-49D5-BE67-5EF61C79BA27}.Release|Any CPU.Build.0 = Release|Any CPU
	EndGlobalSection
	GlobalSection(SolutionProperties) = preSolution
		HideSolutionNode = FALSE
	EndGlobalSection
	GlobalSection(ExtensibilityGlobals) = postSolution
		SolutionGuid = {7C4B24FB-9E5D-4DFB-8292-A56DC96A37B5}
	EndGlobalSection
EndGlobal
